
Microsoft Visual Studio Solution File, Format Version 12.00
# Visual Studio Version 16
VisualStudioVersion = 16.0.31313.79
MinimumVisualStudioVersion = 10.0.40219.1
Project("{FAE04EC0-301F-11D3-BF4B-00C04F79EFBC}") = "DateTimes", "DateTime\DateTimes.csproj", "{B52E2FB6-7E10-47B1-8FA1-5246678CD979}"
EndProject
Global
	GlobalSection(SolutionConfigurationPlatforms) = preSolution
		Debug|Any CPU = Debug|Any CPU
		Release|Any CPU = Release|Any CPU
	EndGlobalSection
	GlobalSection(ProjectConfigurationPlatforms) = postSolution
		{B52E2FB6-7E10-47B1-8FA1-5246678CD979}.Debug|Any CPU.ActiveCfg = Debug|Any CPU
		{B52E2FB6-7E10-47B1-8FA1-5246678CD979}.Debug|Any CPU.Build.0 = Debug|Any CPU
		{B52E2FB6-7E10-47B1-8FA1-5246678CD979}.Release|Any CPU.ActiveCfg = Release|Any CPU
		{B52E2FB6-7E10-47B1-8FA1-5246678CD979}.Release|Any CPU.Build.0 = Release|Any CPU
	EndGlobalSection
	GlobalSection(SolutionProperties) = preSolution
		HideSolutionNode = FALSE
	EndGlobalSection
	GlobalSection(ExtensibilityGlobals) = postSolution
		SolutionGuid = {985C68CC-CEF2-4F93-AA72-94DE7D260E8E}
	EndGlobalSection
EndGlobal
