
Microsoft Visual Studio Solution File, Format Version 12.00
# Visual Studio Version 16
VisualStudioVersion = 16.0.31313.79
MinimumVisualStudioVersion = 10.0.40219.1
Project("{FAE04EC0-301F-11D3-BF4B-00C04F79EFBC}") = "Delegates", "Delegates.csproj", "{B0A012E4-9E26-48DC-B3F3-E7A59CACEC52}"
EndProject
Global
	GlobalSection(SolutionConfigurationPlatforms) = preSolution
		Debug|Any CPU = Debug|Any CPU
		Release|Any CPU = Release|Any CPU
	EndGlobalSection
	GlobalSection(ProjectConfigurationPlatforms) = postSolution
		{B0A012E4-9E26-48DC-B3F3-E7A59CACEC52}.Debug|Any CPU.ActiveCfg = Debug|Any CPU
		{B0A012E4-9E26-48DC-B3F3-E7A59CACEC52}.Debug|Any CPU.Build.0 = Debug|Any CPU
		{B0A012E4-9E26-48DC-B3F3-E7A59CACEC52}.Release|Any CPU.ActiveCfg = Release|Any CPU
		{B0A012E4-9E26-48DC-B3F3-E7A59CACEC52}.Release|Any CPU.Build.0 = Release|Any CPU
	EndGlobalSection
	GlobalSection(SolutionProperties) = preSolution
		HideSolutionNode = FALSE
	EndGlobalSection
	GlobalSection(ExtensibilityGlobals) = postSolution
		SolutionGuid = {33F3F22F-F601-4EE2-BD04-6E3ACFB9B3C9}
	EndGlobalSection
EndGlobal
