
Microsoft Visual Studio Solution File, Format Version 12.00
# Visual Studio Version 16
VisualStudioVersion = 16.0.31313.79
MinimumVisualStudioVersion = 10.0.40219.1
Project("{FAE04EC0-301F-11D3-BF4B-00C04F79EFBC}") = "LINQ", "LINQ.csproj", "{B52C1686-EEBE-40B0-A718-06215D8E7861}"
EndProject
Global
	GlobalSection(SolutionConfigurationPlatforms) = preSolution
		Debug|Any CPU = Debug|Any CPU
		Release|Any CPU = Release|Any CPU
	EndGlobalSection
	GlobalSection(ProjectConfigurationPlatforms) = postSolution
		{B52C1686-EEBE-40B0-A718-06215D8E7861}.Debug|Any CPU.ActiveCfg = Debug|Any CPU
		{B52C1686-EEBE-40B0-A718-06215D8E7861}.Debug|Any CPU.Build.0 = Debug|Any CPU
		{B52C1686-EEBE-40B0-A718-06215D8E7861}.Release|Any CPU.ActiveCfg = Release|Any CPU
		{B52C1686-EEBE-40B0-A718-06215D8E7861}.Release|Any CPU.Build.0 = Release|Any CPU
	EndGlobalSection
	GlobalSection(SolutionProperties) = preSolution
		HideSolutionNode = FALSE
	EndGlobalSection
	GlobalSection(ExtensibilityGlobals) = postSolution
		SolutionGuid = {64DD5E36-3796-4493-8187-C81FDCB13E71}
	EndGlobalSection
EndGlobal
