
Microsoft Visual Studio Solution File, Format Version 12.00
# Visual Studio Version 16
VisualStudioVersion = 16.0.31313.79
MinimumVisualStudioVersion = 10.0.40219.1
Project("{FAE04EC0-301F-11D3-BF4B-00C04F79EFBC}") = "exercise_1", "exercise_1\exercise_1.csproj", "{C417ABFE-DC58-4FD9-8997-29C3533EF70E}"
EndProject
Project("{FAE04EC0-301F-11D3-BF4B-00C04F79EFBC}") = "exercise_2", "exercise_2\exercise_2.csproj", "{3087D4CA-E3FB-4840-82E9-2061049A71EF}"
EndProject
Project("{FAE04EC0-301F-11D3-BF4B-00C04F79EFBC}") = "exercise_3", "Exercise_3\exercise_3.csproj", "{7D9E173F-259E-4ECF-AB0C-E65EC758790F}"
EndProject
Project("{FAE04EC0-301F-11D3-BF4B-00C04F79EFBC}") = "exercise_4", "exercise_4\exercise_4.csproj", "{CE2F2CA9-2B9E-4012-86AF-58CC438A8A2E}"
EndProject
Project("{FAE04EC0-301F-11D3-BF4B-00C04F79EFBC}") = "exercise_5", "exercise_5\exercise_5.csproj", "{2B507B24-74B0-4E34-B194-F75AB53ED8BF}"
EndProject
Global
	GlobalSection(SolutionConfigurationPlatforms) = preSolution
		Debug|Any CPU = Debug|Any CPU
		Release|Any CPU = Release|Any CPU
	EndGlobalSection
	GlobalSection(ProjectConfigurationPlatforms) = postSolution
		{C417ABFE-DC58-4FD9-8997-29C3533EF70E}.Debug|Any CPU.ActiveCfg = Debug|Any CPU
		{C417ABFE-DC58-4FD9-8997-29C3533EF70E}.Debug|Any CPU.Build.0 = Debug|Any CPU
		{C417ABFE-DC58-4FD9-8997-29C3533EF70E}.Release|Any CPU.ActiveCfg = Release|Any CPU
		{C417ABFE-DC58-4FD9-8997-29C3533EF70E}.Release|Any CPU.Build.0 = Release|Any CPU
		{3087D4CA-E3FB-4840-82E9-2061049A71EF}.Debug|Any CPU.ActiveCfg = Debug|Any CPU
		{3087D4CA-E3FB-4840-82E9-2061049A71EF}.Debug|Any CPU.Build.0 = Debug|Any CPU
		{3087D4CA-E3FB-4840-82E9-2061049A71EF}.Release|Any CPU.ActiveCfg = Release|Any CPU
		{3087D4CA-E3FB-4840-82E9-2061049A71EF}.Release|Any CPU.Build.0 = Release|Any CPU
		{7D9E173F-259E-4ECF-AB0C-E65EC758790F}.Debug|Any CPU.ActiveCfg = Debug|Any CPU
		{7D9E173F-259E-4ECF-AB0C-E65EC758790F}.Debug|Any CPU.Build.0 = Debug|Any CPU
		{7D9E173F-259E-4ECF-AB0C-E65EC758790F}.Release|Any CPU.ActiveCfg = Release|Any CPU
		{7D9E173F-259E-4ECF-AB0C-E65EC758790F}.Release|Any CPU.Build.0 = Release|Any CPU
		{CE2F2CA9-2B9E-4012-86AF-58CC438A8A2E}.Debug|Any CPU.ActiveCfg = Debug|Any CPU
		{CE2F2CA9-2B9E-4012-86AF-58CC438A8A2E}.Debug|Any CPU.Build.0 = Debug|Any CPU
		{CE2F2CA9-2B9E-4012-86AF-58CC438A8A2E}.Release|Any CPU.ActiveCfg = Release|Any CPU
		{CE2F2CA9-2B9E-4012-86AF-58CC438A8A2E}.Release|Any CPU.Build.0 = Release|Any CPU
		{2B507B24-74B0-4E34-B194-F75AB53ED8BF}.Debug|Any CPU.ActiveCfg = Debug|Any CPU
		{2B507B24-74B0-4E34-B194-F75AB53ED8BF}.Debug|Any CPU.Build.0 = Debug|Any CPU
		{2B507B24-74B0-4E34-B194-F75AB53ED8BF}.Release|Any CPU.ActiveCfg = Release|Any CPU
		{2B507B24-74B0-4E34-B194-F75AB53ED8BF}.Release|Any CPU.Build.0 = Release|Any CPU
	EndGlobalSection
	GlobalSection(SolutionProperties) = preSolution
		HideSolutionNode = FALSE
	EndGlobalSection
	GlobalSection(ExtensibilityGlobals) = postSolution
		SolutionGuid = {D5816637-356A-4319-9C06-57E4F8AB7776}
	EndGlobalSection
EndGlobal
