
Microsoft Visual Studio Solution File, Format Version 12.00
# Visual Studio Version 16
VisualStudioVersion = 16.0.31313.79
MinimumVisualStudioVersion = 10.0.40219.1
Project("{FAE04EC0-301F-11D3-BF4B-00C04F79EFBC}") = "AsyncAwait", "AsyncAwait.csproj", "{5C24AE8C-2F18-4892-804C-C8FD22D5BFB6}"
EndProject
Global
	GlobalSection(SolutionConfigurationPlatforms) = preSolution
		Debug|Any CPU = Debug|Any CPU
		Release|Any CPU = Release|Any CPU
	EndGlobalSection
	GlobalSection(ProjectConfigurationPlatforms) = postSolution
		{5C24AE8C-2F18-4892-804C-C8FD22D5BFB6}.Debug|Any CPU.ActiveCfg = Debug|Any CPU
		{5C24AE8C-2F18-4892-804C-C8FD22D5BFB6}.Debug|Any CPU.Build.0 = Debug|Any CPU
		{5C24AE8C-2F18-4892-804C-C8FD22D5BFB6}.Release|Any CPU.ActiveCfg = Release|Any CPU
		{5C24AE8C-2F18-4892-804C-C8FD22D5BFB6}.Release|Any CPU.Build.0 = Release|Any CPU
	EndGlobalSection
	GlobalSection(SolutionProperties) = preSolution
		HideSolutionNode = FALSE
	EndGlobalSection
	GlobalSection(ExtensibilityGlobals) = postSolution
		SolutionGuid = {280C0023-B7C8-4334-BB42-418E8D8FE3BD}
	EndGlobalSection
EndGlobal
