
Microsoft Visual Studio Solution File, Format Version 12.00
# Visual Studio Version 16
VisualStudioVersion = 16.0.31313.79
MinimumVisualStudioVersion = 10.0.40219.1
Project("{FAE04EC0-301F-11D3-BF4B-00C04F79EFBC}") = "Classes", "Classes.csproj", "{2E288CA0-95AA-4A5A-8B90-EC4692FF4AAA}"
EndProject
Global
	GlobalSection(SolutionConfigurationPlatforms) = preSolution
		Debug|Any CPU = Debug|Any CPU
		Release|Any CPU = Release|Any CPU
	EndGlobalSection
	GlobalSection(ProjectConfigurationPlatforms) = postSolution
		{2E288CA0-95AA-4A5A-8B90-EC4692FF4AAA}.Debug|Any CPU.ActiveCfg = Debug|Any CPU
		{2E288CA0-95AA-4A5A-8B90-EC4692FF4AAA}.Debug|Any CPU.Build.0 = Debug|Any CPU
		{2E288CA0-95AA-4A5A-8B90-EC4692FF4AAA}.Release|Any CPU.ActiveCfg = Release|Any CPU
		{2E288CA0-95AA-4A5A-8B90-EC4692FF4AAA}.Release|Any CPU.Build.0 = Release|Any CPU
	EndGlobalSection
	GlobalSection(SolutionProperties) = preSolution
		HideSolutionNode = FALSE
	EndGlobalSection
	GlobalSection(ExtensibilityGlobals) = postSolution
		SolutionGuid = {22853335-9841-4EE0-92C3-53F4C822AA8D}
	EndGlobalSection
EndGlobal
