
Microsoft Visual Studio Solution File, Format Version 12.00
# Visual Studio Version 16
VisualStudioVersion = 16.0.31313.79
MinimumVisualStudioVersion = 10.0.40219.1
Project("{FAE04EC0-301F-11D3-BF4B-00C04F79EFBC}") = "ImplementsMultipleInterfaces", "ImplementsMultipleInterfaces.csproj", "{A62187C5-C30C-42AE-BEBD-4F2F41ED50BA}"
EndProject
Global
	GlobalSection(SolutionConfigurationPlatforms) = preSolution
		Debug|Any CPU = Debug|Any CPU
		Release|Any CPU = Release|Any CPU
	EndGlobalSection
	GlobalSection(ProjectConfigurationPlatforms) = postSolution
		{A62187C5-C30C-42AE-BEBD-4F2F41ED50BA}.Debug|Any CPU.ActiveCfg = Debug|Any CPU
		{A62187C5-C30C-42AE-BEBD-4F2F41ED50BA}.Debug|Any CPU.Build.0 = Debug|Any CPU
		{A62187C5-C30C-42AE-BEBD-4F2F41ED50BA}.Release|Any CPU.ActiveCfg = Release|Any CPU
		{A62187C5-C30C-42AE-BEBD-4F2F41ED50BA}.Release|Any CPU.Build.0 = Release|Any CPU
	EndGlobalSection
	GlobalSection(SolutionProperties) = preSolution
		HideSolutionNode = FALSE
	EndGlobalSection
	GlobalSection(ExtensibilityGlobals) = postSolution
		SolutionGuid = {AC198D84-AAD7-420E-8E70-E4B1A319856B}
	EndGlobalSection
EndGlobal
