
Microsoft Visual Studio Solution File, Format Version 12.00
# Visual Studio Version 16
VisualStudioVersion = 16.0.31313.79
MinimumVisualStudioVersion = 10.0.40219.1
Project("{FAE04EC0-301F-11D3-BF4B-00C04F79EFBC}") = "strings", "strings.csproj", "{87D676FA-DA7B-4301-82EE-D2CB39499DCE}"
EndProject
Global
	GlobalSection(SolutionConfigurationPlatforms) = preSolution
		Debug|Any CPU = Debug|Any CPU
		Release|Any CPU = Release|Any CPU
	EndGlobalSection
	GlobalSection(ProjectConfigurationPlatforms) = postSolution
		{87D676FA-DA7B-4301-82EE-D2CB39499DCE}.Debug|Any CPU.ActiveCfg = Debug|Any CPU
		{87D676FA-DA7B-4301-82EE-D2CB39499DCE}.Debug|Any CPU.Build.0 = Debug|Any CPU
		{87D676FA-DA7B-4301-82EE-D2CB39499DCE}.Release|Any CPU.ActiveCfg = Release|Any CPU
		{87D676FA-DA7B-4301-82EE-D2CB39499DCE}.Release|Any CPU.Build.0 = Release|Any CPU
	EndGlobalSection
	GlobalSection(SolutionProperties) = preSolution
		HideSolutionNode = FALSE
	EndGlobalSection
	GlobalSection(ExtensibilityGlobals) = postSolution
		SolutionGuid = {964C7AA3-5FFD-4896-AF3E-342E6A4B20EF}
	EndGlobalSection
EndGlobal
