
Microsoft Visual Studio Solution File, Format Version 12.00
# Visual Studio Version 16
VisualStudioVersion = 16.0.31313.79
MinimumVisualStudioVersion = 10.0.40219.1
Project("{9A19103F-16F7-4668-BE54-9A1E7A4F7556}") = "File_FileInfo", "File_FileInfo.csproj", "{FD3D8FCF-7F9E-421D-A0E6-1D91A4C2718E}"
EndProject
Project("{FAE04EC0-301F-11D3-BF4B-00C04F79EFBC}") = "exercise_1", "..\exercise_1\exercise_1.csproj", "{37934FDD-EFF3-47FB-A4B1-BB68534CBA02}"
EndProject
Project("{FAE04EC0-301F-11D3-BF4B-00C04F79EFBC}") = "exercise_2", "..\exercise_2\exercise_2.csproj", "{F947B8D9-EED2-4525-8E4D-38D7D4260102}"
EndProject
Global
	GlobalSection(SolutionConfigurationPlatforms) = preSolution
		Debug|Any CPU = Debug|Any CPU
		Release|Any CPU = Release|Any CPU
	EndGlobalSection
	GlobalSection(ProjectConfigurationPlatforms) = postSolution
		{FD3D8FCF-7F9E-421D-A0E6-1D91A4C2718E}.Debug|Any CPU.ActiveCfg = Debug|Any CPU
		{FD3D8FCF-7F9E-421D-A0E6-1D91A4C2718E}.Debug|Any CPU.Build.0 = Debug|Any CPU
		{FD3D8FCF-7F9E-421D-A0E6-1D91A4C2718E}.Release|Any CPU.ActiveCfg = Release|Any CPU
		{FD3D8FCF-7F9E-421D-A0E6-1D91A4C2718E}.Release|Any CPU.Build.0 = Release|Any CPU
		{37934FDD-EFF3-47FB-A4B1-BB68534CBA02}.Debug|Any CPU.ActiveCfg = Debug|Any CPU
		{37934FDD-EFF3-47FB-A4B1-BB68534CBA02}.Debug|Any CPU.Build.0 = Debug|Any CPU
		{37934FDD-EFF3-47FB-A4B1-BB68534CBA02}.Release|Any CPU.ActiveCfg = Release|Any CPU
		{37934FDD-EFF3-47FB-A4B1-BB68534CBA02}.Release|Any CPU.Build.0 = Release|Any CPU
		{F947B8D9-EED2-4525-8E4D-38D7D4260102}.Debug|Any CPU.ActiveCfg = Debug|Any CPU
		{F947B8D9-EED2-4525-8E4D-38D7D4260102}.Debug|Any CPU.Build.0 = Debug|Any CPU
		{F947B8D9-EED2-4525-8E4D-38D7D4260102}.Release|Any CPU.ActiveCfg = Release|Any CPU
		{F947B8D9-EED2-4525-8E4D-38D7D4260102}.Release|Any CPU.Build.0 = Release|Any CPU
	EndGlobalSection
	GlobalSection(SolutionProperties) = preSolution
		HideSolutionNode = FALSE
	EndGlobalSection
	GlobalSection(ExtensibilityGlobals) = postSolution
		SolutionGuid = {231F2440-B1CD-49D6-A79B-C1151A08D604}
	EndGlobalSection
EndGlobal
