
Microsoft Visual Studio Solution File, Format Version 12.00
# Visual Studio Version 16
VisualStudioVersion = 16.0.31313.79
MinimumVisualStudioVersion = 10.0.40219.1
Project("{FAE04EC0-301F-11D3-BF4B-00C04F79EFBC}") = "Nullable", "Nullable.csproj", "{09F79AC0-8988-48AD-ACC7-7FBF24D54F23}"
EndProject
Global
	GlobalSection(SolutionConfigurationPlatforms) = preSolution
		Debug|Any CPU = Debug|Any CPU
		Release|Any CPU = Release|Any CPU
	EndGlobalSection
	GlobalSection(ProjectConfigurationPlatforms) = postSolution
		{09F79AC0-8988-48AD-ACC7-7FBF24D54F23}.Debug|Any CPU.ActiveCfg = Debug|Any CPU
		{09F79AC0-8988-48AD-ACC7-7FBF24D54F23}.Debug|Any CPU.Build.0 = Debug|Any CPU
		{09F79AC0-8988-48AD-ACC7-7FBF24D54F23}.Release|Any CPU.ActiveCfg = Release|Any CPU
		{09F79AC0-8988-48AD-ACC7-7FBF24D54F23}.Release|Any CPU.Build.0 = Release|Any CPU
	EndGlobalSection
	GlobalSection(SolutionProperties) = preSolution
		HideSolutionNode = FALSE
	EndGlobalSection
	GlobalSection(ExtensibilityGlobals) = postSolution
		SolutionGuid = {59861627-FDC7-49A0-8DDD-BB2A5594EACB}
	EndGlobalSection
EndGlobal
