
Microsoft Visual Studio Solution File, Format Version 12.00
# Visual Studio Version 16
VisualStudioVersion = 16.0.31313.79
MinimumVisualStudioVersion = 10.0.40219.1
Project("{FAE04EC0-301F-11D3-BF4B-00C04F79EFBC}") = "ExceptionHandling", "ExceptionHandling.csproj", "{65756757-D24D-4274-AEBA-CB688FEDAB81}"
EndProject
Global
	GlobalSection(SolutionConfigurationPlatforms) = preSolution
		Debug|Any CPU = Debug|Any CPU
		Release|Any CPU = Release|Any CPU
	EndGlobalSection
	GlobalSection(ProjectConfigurationPlatforms) = postSolution
		{65756757-D24D-4274-AEBA-CB688FEDAB81}.Debug|Any CPU.ActiveCfg = Debug|Any CPU
		{65756757-D24D-4274-AEBA-CB688FEDAB81}.Debug|Any CPU.Build.0 = Debug|Any CPU
		{65756757-D24D-4274-AEBA-CB688FEDAB81}.Release|Any CPU.ActiveCfg = Release|Any CPU
		{65756757-D24D-4274-AEBA-CB688FEDAB81}.Release|Any CPU.Build.0 = Release|Any CPU
	EndGlobalSection
	GlobalSection(SolutionProperties) = preSolution
		HideSolutionNode = FALSE
	EndGlobalSection
	GlobalSection(ExtensibilityGlobals) = postSolution
		SolutionGuid = {F9F57183-2A99-4631-9FB9-C67BA8467F7B}
	EndGlobalSection
EndGlobal
