
Microsoft Visual Studio Solution File, Format Version 12.00
# Visual Studio Version 16
VisualStudioVersion = 16.0.31313.79
MinimumVisualStudioVersion = 10.0.40219.1
Project("{FAE04EC0-301F-11D3-BF4B-00C04F79EFBC}") = "Exercise_1", "Exercise_1\Exercise_1.csproj", "{8F68A528-F090-4E4D-8EB1-6F87ED5BCD74}"
EndProject
Project("{FAE04EC0-301F-11D3-BF4B-00C04F79EFBC}") = "exercise_2", "exercise_2\exercise_2.csproj", "{7AA06737-8799-4E87-95FB-8B84677DD9B3}"
EndProject
Project("{FAE04EC0-301F-11D3-BF4B-00C04F79EFBC}") = "exercise_3", "exercise_3\exercise_3.csproj", "{E3D1686C-BCBB-442F-A9F7-25127C46904F}"
EndProject
Project("{FAE04EC0-301F-11D3-BF4B-00C04F79EFBC}") = "exercise_4", "exercise_4\exercise_4.csproj", "{61AA0123-3B1D-4C4E-BA45-554703E6BEF9}"
EndProject
Project("{FAE04EC0-301F-11D3-BF4B-00C04F79EFBC}") = "exercise_5", "exercise_5\exercise_5.csproj", "{D4797DDD-D35E-4E82-82DB-460CC6391D6F}"
EndProject
Global
	GlobalSection(SolutionConfigurationPlatforms) = preSolution
		Debug|Any CPU = Debug|Any CPU
		Release|Any CPU = Release|Any CPU
	EndGlobalSection
	GlobalSection(ProjectConfigurationPlatforms) = postSolution
		{8F68A528-F090-4E4D-8EB1-6F87ED5BCD74}.Debug|Any CPU.ActiveCfg = Debug|Any CPU
		{8F68A528-F090-4E4D-8EB1-6F87ED5BCD74}.Debug|Any CPU.Build.0 = Debug|Any CPU
		{8F68A528-F090-4E4D-8EB1-6F87ED5BCD74}.Release|Any CPU.ActiveCfg = Release|Any CPU
		{8F68A528-F090-4E4D-8EB1-6F87ED5BCD74}.Release|Any CPU.Build.0 = Release|Any CPU
		{7AA06737-8799-4E87-95FB-8B84677DD9B3}.Debug|Any CPU.ActiveCfg = Debug|Any CPU
		{7AA06737-8799-4E87-95FB-8B84677DD9B3}.Debug|Any CPU.Build.0 = Debug|Any CPU
		{7AA06737-8799-4E87-95FB-8B84677DD9B3}.Release|Any CPU.ActiveCfg = Release|Any CPU
		{7AA06737-8799-4E87-95FB-8B84677DD9B3}.Release|Any CPU.Build.0 = Release|Any CPU
		{E3D1686C-BCBB-442F-A9F7-25127C46904F}.Debug|Any CPU.ActiveCfg = Debug|Any CPU
		{E3D1686C-BCBB-442F-A9F7-25127C46904F}.Debug|Any CPU.Build.0 = Debug|Any CPU
		{E3D1686C-BCBB-442F-A9F7-25127C46904F}.Release|Any CPU.ActiveCfg = Release|Any CPU
		{E3D1686C-BCBB-442F-A9F7-25127C46904F}.Release|Any CPU.Build.0 = Release|Any CPU
		{61AA0123-3B1D-4C4E-BA45-554703E6BEF9}.Debug|Any CPU.ActiveCfg = Debug|Any CPU
		{61AA0123-3B1D-4C4E-BA45-554703E6BEF9}.Debug|Any CPU.Build.0 = Debug|Any CPU
		{61AA0123-3B1D-4C4E-BA45-554703E6BEF9}.Release|Any CPU.ActiveCfg = Release|Any CPU
		{61AA0123-3B1D-4C4E-BA45-554703E6BEF9}.Release|Any CPU.Build.0 = Release|Any CPU
		{D4797DDD-D35E-4E82-82DB-460CC6391D6F}.Debug|Any CPU.ActiveCfg = Debug|Any CPU
		{D4797DDD-D35E-4E82-82DB-460CC6391D6F}.Debug|Any CPU.Build.0 = Debug|Any CPU
		{D4797DDD-D35E-4E82-82DB-460CC6391D6F}.Release|Any CPU.ActiveCfg = Release|Any CPU
		{D4797DDD-D35E-4E82-82DB-460CC6391D6F}.Release|Any CPU.Build.0 = Release|Any CPU
	EndGlobalSection
	GlobalSection(SolutionProperties) = preSolution
		HideSolutionNode = FALSE
	EndGlobalSection
	GlobalSection(ExtensibilityGlobals) = postSolution
		SolutionGuid = {EEB5FFD7-C1A4-4478-99DB-3A24FB0CA598}
	EndGlobalSection
EndGlobal
